
Microsoft Visual Studio Solution File, Format Version 12.00
# Visual Studio Version 17
VisualStudioVersion = 17.2.32516.85
MinimumVisualStudioVersion = 10.0.40219.1
Project("{FAE04EC0-301F-11D3-BF4B-00C04F79EFBC}") = "WFAMuzikCalma", "WFAMuzikCalma\WFAMuzikCalma.csproj", "{2DB3B089-7A31-466E-AE2F-209B68493969}"
EndProject
Global
	GlobalSection(SolutionConfigurationPlatforms) = preSolution
		Debug|Any CPU = Debug|Any CPU
		Release|Any CPU = Release|Any CPU
	EndGlobalSection
	GlobalSection(ProjectConfigurationPlatforms) = postSolution
		{2DB3B089-7A31-466E-AE2F-209B68493969}.Debug|Any CPU.ActiveCfg = Debug|Any CPU
		{2DB3B089-7A31-466E-AE2F-209B68493969}.Debug|Any CPU.Build.0 = Debug|Any CPU
		{2DB3B089-7A31-466E-AE2F-209B68493969}.Release|Any CPU.ActiveCfg = Release|Any CPU
		{2DB3B089-7A31-466E-AE2F-209B68493969}.Release|Any CPU.Build.0 = Release|Any CPU
	EndGlobalSection
	GlobalSection(SolutionProperties) = preSolution
		HideSolutionNode = FALSE
	EndGlobalSection
	GlobalSection(ExtensibilityGlobals) = postSolution
		SolutionGuid = {2EA5EE6A-181F-43AA-98EA-365E640E57F8}
	EndGlobalSection
EndGlobal
